// !$*UTF8*$!
{
	archiveVersion = 1;
	classes = {
	};
	objectVersion = 50;
	objects = {

/* Begin PBXBuildFile section */
		520813AA22262E9600963065 /* AppDelegate.swift in Sources */ = {isa = PBXBuildFile; fileRef = 520813A922262E9600963065 /* AppDelegate.swift */; };
		520813AC22262E9600963065 /* ViewController.swift in Sources */ = {isa = PBXBuildFile; fileRef = 520813AB22262E9600963065 /* ViewController.swift */; };
		520813AF22262E9600963065 /* Main.storyboard in Resources */ = {isa = PBXBuildFile; fileRef = 520813AD22262E9600963065 /* Main.storyboard */; };
		520813B122262E9900963065 /* Assets.xcassets in Resources */ = {isa = PBXBuildFile; fileRef = 520813B022262E9900963065 /* Assets.xcassets */; };
		520813B422262E9900963065 /* LaunchScreen.storyboard in Resources */ = {isa = PBXBuildFile; fileRef = 520813B222262E9900963065 /* LaunchScreen.storyboard */; };
		520813C022262F8700963065 /* ViewControllerSubview.swift in Sources */ = {isa = PBXBuildFile; fileRef = 520813BF22262F8700963065 /* ViewControllerSubview.swift */; };
		520813C22226349600963065 /* ViewControllerReactor.swift in Sources */ = {isa = PBXBuildFile; fileRef = 520813C12226349600963065 /* ViewControllerReactor.swift */; };
		6690A476F65FF426FBDC9AF1 /* Pods_counter.framework in Frameworks */ = {isa = PBXBuildFile; fileRef = 56B9216DB966DAFD2496B763 /* Pods_counter.framework */; };
/* End PBXBuildFile section */

/* Begin PBXFileReference section */
		520813A622262E9600963065 /* counter.app */ = {isa = PBXFileReference; explicitFileType = wrapper.application; includeInIndex = 0; path = counter.app; sourceTree = BUILT_PRODUCTS_DIR; };
		520813A922262E9600963065 /* AppDelegate.swift */ = {isa = PBXFileReference; lastKnownFileType = sourcecode.swift; path = AppDelegate.swift; sourceTree = "<group>"; };
		520813AB22262E9600963065 /* ViewController.swift */ = {isa = PBXFileReference; lastKnownFileType = sourcecode.swift; path = ViewController.swift; sourceTree = "<group>"; };
		520813AE22262E9600963065 /* Base */ = {isa = PBXFileReference; lastKnownFileType = file.storyboard; name = Base; path = Base.lproj/Main.storyboard; sourceTree = "<group>"; };
		520813B022262E9900963065 /* Assets.xcassets */ = {isa = PBXFileReference; lastKnownFileType = folder.assetcatalog; path = Assets.xcassets; sourceTree = "<group>"; };
		520813B322262E9900963065 /* Base */ = {isa = PBXFileReference; lastKnownFileType = file.storyboard; name = Base; path = Base.lproj/LaunchScreen.storyboard; sourceTree = "<group>"; };
		520813B522262E9900963065 /* Info.plist */ = {isa = PBXFileReference; lastKnownFileType = text.plist.xml; path = Info.plist; sourceTree = "<group>"; };
		520813BF22262F8700963065 /* ViewControllerSubview.swift */ = {isa = PBXFileReference; lastKnownFileType = sourcecode.swift; path = ViewControllerSubview.swift; sourceTree = "<group>"; };
		520813C12226349600963065 /* ViewControllerReactor.swift */ = {isa = PBXFileReference; lastKnownFileType = sourcecode.swift; path = ViewControllerReactor.swift; sourceTree = "<group>"; };
		56B9216DB966DAFD2496B763 /* Pods_counter.framework */ = {isa = PBXFileReference; explicitFileType = wrapper.framework; includeInIndex = 0; path = Pods_counter.framework; sourceTree = BUILT_PRODUCTS_DIR; };
		746674344CD0B8FA6FA738F0 /* Pods-counter.debug.xcconfig */ = {isa = PBXFileReference; includeInIndex = 1; lastKnownFileType = text.xcconfig; name = "Pods-counter.debug.xcconfig"; path = "Target Support Files/Pods-counter/Pods-counter.debug.xcconfig"; sourceTree = "<group>"; };
		B944D2F636842742B6D33179 /* Pods-counter.release.xcconfig */ = {isa = PBXFileReference; includeInIndex = 1; lastKnownFileType = text.xcconfig; name = "Pods-counter.release.xcconfig"; path = "Target Support Files/Pods-counter/Pods-counter.release.xcconfig"; sourceTree = "<group>"; };
/* End PBXFileReference section */

/* Begin PBXFrameworksBuildPhase section */
		520813A322262E9600963065 /* Frameworks */ = {
			isa = PBXFrameworksBuildPhase;
			buildActionMask = 2147483647;
			files = (
				6690A476F65FF426FBDC9AF1 /* Pods_counter.framework in Frameworks */,
			);
			runOnlyForDeploymentPostprocessing = 0;
		};
/* End PBXFrameworksBuildPhase section */

/* Begin PBXGroup section */
		04C87BA5CC0CF2E19A3F0439 /* Pods */ = {
			isa = PBXGroup;
			children = (
				746674344CD0B8FA6FA738F0 /* Pods-counter.debug.xcconfig */,
				B944D2F636842742B6D33179 /* Pods-counter.release.xcconfig */,
			);
			path = Pods;
			sourceTree = "<group>";
		};
		5208139D22262E9600963065 = {
			isa = PBXGroup;
			children = (
				520813A822262E9600963065 /* counter */,
				520813A722262E9600963065 /* Products */,
				04C87BA5CC0CF2E19A3F0439 /* Pods */,
				973686E97C9ABA02C1C23DD6 /* Frameworks */,
			);
			sourceTree = "<group>";
		};
		520813A722262E9600963065 /* Products */ = {
			isa = PBXGroup;
			children = (
				520813A622262E9600963065 /* counter.app */,
			);
			name = Products;
			sourceTree = "<group>";
		};
		520813A822262E9600963065 /* counter */ = {
			isa = PBXGroup;
			children = (
				520813BB22262F3D00963065 /* Classes */,
				520813A922262E9600963065 /* AppDelegate.swift */,
				520813AD22262E9600963065 /* Main.storyboard */,
				520813B022262E9900963065 /* Assets.xcassets */,
				520813B222262E9900963065 /* LaunchScreen.storyboard */,
				520813B522262E9900963065 /* Info.plist */,
			);
			path = counter;
			sourceTree = "<group>";
		};
		520813BB22262F3D00963065 /* Classes */ = {
			isa = PBXGroup;
			children = (
				520813BC22262F5100963065 /* Presentation */,
			);
			path = Classes;
			sourceTree = "<group>";
		};
		520813BC22262F5100963065 /* Presentation */ = {
			isa = PBXGroup;
			children = (
				520813BD22262F6200963065 /* Scenes */,
			);
			path = Presentation;
			sourceTree = "<group>";
		};
		520813BD22262F6200963065 /* Scenes */ = {
			isa = PBXGroup;
			children = (
				520813BE22262F6D00963065 /* Main */,
			);
			path = Scenes;
			sourceTree = "<group>";
		};
		520813BE22262F6D00963065 /* Main */ = {
			isa = PBXGroup;
			children = (
				520813AB22262E9600963065 /* ViewController.swift */,
				520813BF22262F8700963065 /* ViewControllerSubview.swift */,
				520813C12226349600963065 /* ViewControllerReactor.swift */,
			);
			path = Main;
			sourceTree = "<group>";
		};
		973686E97C9ABA02C1C23DD6 /* Frameworks */ = {
			isa = PBXGroup;
			children = (
				56B9216DB966DAFD2496B763 /* Pods_counter.framework */,
			);
			name = Frameworks;
			sourceTree = "<group>";
		};
/* End PBXGroup section */

/* Begin PBXNativeTarget section */
		520813A522262E9600963065 /* counter */ = {
			isa = PBXNativeTarget;
			buildConfigurationList = 520813B822262E9900963065 /* Build configuration list for PBXNativeTarget "counter" */;
			buildPhases = (
				90FA92660D07E8EB666652E7 /* [CP] Check Pods Manifest.lock */,
				520813A222262E9600963065 /* Sources */,
				520813A322262E9600963065 /* Frameworks */,
				520813A422262E9600963065 /* Resources */,
				0B0631EFEBC3278957608044 /* [CP] Embed Pods Frameworks */,
			);
			buildRules = (
			);
			dependencies = (
			);
			name = counter;
			productName = counter;
			productReference = 520813A622262E9600963065 /* counter.app */;
			productType = "com.apple.product-type.application";
		};
/* End PBXNativeTarget section */

/* Begin PBXProject section */
		5208139E22262E9600963065 /* Project object */ = {
			isa = PBXProject;
			attributes = {
				LastSwiftUpdateCheck = 1010;
				LastUpgradeCheck = 1010;
				ORGANIZATIONNAME = pich;
				TargetAttributes = {
					520813A522262E9600963065 = {
						CreatedOnToolsVersion = 10.1;
					};
				};
			};
			buildConfigurationList = 520813A122262E9600963065 /* Build configuration list for PBXProject "counter" */;
			compatibilityVersion = "Xcode 9.3";
			developmentRegion = en;
			hasScannedForEncodings = 0;
			knownRegions = (
				en,
				Base,
			);
			mainGroup = 5208139D22262E9600963065;
			productRefGroup = 520813A722262E9600963065 /* Products */;
			projectDirPath = "";
			projectRoot = "";
			targets = (
				520813A522262E9600963065 /* counter */,
			);
		};
/* End PBXProject section */

/* Begin PBXResourcesBuildPhase section */
		520813A422262E9600963065 /* Resources */ = {
			isa = PBXResourcesBuildPhase;
			buildActionMask = 2147483647;
			files = (
				520813B422262E9900963065 /* LaunchScreen.storyboard in Resources */,
				520813B122262E9900963065 /* Assets.xcassets in Resources */,
				520813AF22262E9600963065 /* Main.storyboard in Resources */,
			);
			runOnlyForDeploymentPostprocessing = 0;
		};
/* End PBXResourcesBuildPhase section */

/* Begin PBXShellScriptBuildPhase section */
		0B0631EFEBC3278957608044 /* [CP] Embed Pods Frameworks */ = {
			isa = PBXShellScriptBuildPhase;
			buildActionMask = 2147483647;
			files = (
			);
			inputFileListPaths = (
			);
			inputPaths = (
				"${PODS_ROOT}/Target Support Files/Pods-counter/Pods-counter-frameworks.sh",
				"${BUILT_PRODUCTS_DIR}/ReactorKit/ReactorKit.framework",
				"${BUILT_PRODUCTS_DIR}/RxAtomic/RxAtomic.framework",
				"${BUILT_PRODUCTS_DIR}/RxCocoa/RxCocoa.framework",
				"${BUILT_PRODUCTS_DIR}/RxSwift/RxSwift.framework",
				"${BUILT_PRODUCTS_DIR}/SnapKit/SnapKit.framework",
				"${BUILT_PRODUCTS_DIR}/Then/Then.framework",
			);
			name = "[CP] Embed Pods Frameworks";
			outputFileListPaths = (
			);
			outputPaths = (
				"${TARGET_BUILD_DIR}/${FRAMEWORKS_FOLDER_PATH}/ReactorKit.framework",
				"${TARGET_BUILD_DIR}/${FRAMEWORKS_FOLDER_PATH}/RxAtomic.framework",
				"${TARGET_BUILD_DIR}/${FRAMEWORKS_FOLDER_PATH}/RxCocoa.framework",
				"${TARGET_BUILD_DIR}/${FRAMEWORKS_FOLDER_PATH}/RxSwift.framework",
				"${TARGET_BUILD_DIR}/${FRAMEWORKS_FOLDER_PATH}/SnapKit.framework",
				"${TARGET_BUILD_DIR}/${FRAMEWORKS_FOLDER_PATH}/Then.framework",
			);
			runOnlyForDeploymentPostprocessing = 0;
			shellPath = /bin/sh;
			shellScript = "\"${PODS_ROOT}/Target Support Files/Pods-counter/Pods-counter-frameworks.sh\"\n";
			showEnvVarsInLog = 0;
		};
		90FA92660D07E8EB666652E7 /* [CP] Check Pods Manifest.lock */ = {
			isa = PBXShellScriptBuildPhase;
			buildActionMask = 2147483647;
			files = (
			);
			inputFileListPaths = (
			);
			inputPaths = (
				"${PODS_PODFILE_DIR_PATH}/Podfile.lock",
				"${PODS_ROOT}/Manifest.lock",
			);
			name = "[CP] Check Pods Manifest.lock";
			outputFileListPaths = (
			);
			outputPaths = (
				"$(DERIVED_FILE_DIR)/Pods-counter-checkManifestLockResult.txt",
			);
			runOnlyForDeploymentPostprocessing = 0;
			shellPath = /bin/sh;
			shellScript = "diff \"${PODS_PODFILE_DIR_PATH}/Podfile.lock\" \"${PODS_ROOT}/Manifest.lock\" > /dev/null\nif [ $? != 0 ] ; then\n    # print error to STDERR\n    echo \"error: The sandbox is not in sync with the Podfile.lock. Run 'pod install' or update your CocoaPods installation.\" >&2\n    exit 1\nfi\n# This output is used by Xcode 'outputs' to avoid re-running this script phase.\necho \"SUCCESS\" > \"${SCRIPT_OUTPUT_FILE_0}\"\n";
			showEnvVarsInLog = 0;
		};
/* End PBXShellScriptBuildPhase section */

/* Begin PBXSourcesBuildPhase section */
		520813A222262E9600963065 /* Sources */ = {
			isa = PBXSourcesBuildPhase;
			buildActionMask = 2147483647;
			files = (
				520813AC22262E9600963065 /* ViewController.swift in Sources */,
				520813C22226349600963065 /* ViewControllerReactor.swift in Sources */,
				520813AA22262E9600963065 /* AppDelegate.swift in Sources */,
				520813C022262F8700963065 /* ViewControllerSubview.swift in Sources */,
			);
			runOnlyForDeploymentPostprocessing = 0;
		};
/* End PBXSourcesBuildPhase section */

/* Begin PBXVariantGroup section */
		520813AD22262E9600963065 /* Main.storyboard */ = {
			isa = PBXVariantGroup;
			children = (
				520813AE22262E9600963065 /* Base */,
			);
			name = Main.storyboard;
			sourceTree = "<group>";
		};
		520813B222262E9900963065 /* LaunchScreen.storyboard */ = {
			isa = PBXVariantGroup;
			children = (
				520813B322262E9900963065 /* Base */,
			);
			name = LaunchScreen.storyboard;
			sourceTree = "<group>";
		};
/* End PBXVariantGroup section */

/* Begin XCBuildConfiguration section */
		520813B622262E9900963065 /* Debug */ = {
			isa = XCBuildConfiguration;
			buildSettings = {
				ALWAYS_SEARCH_USER_PATHS = NO;
				CLANG_ANALYZER_NONNULL = YES;
				CLANG_ANALYZER_NUMBER_OBJECT_CONVERSION = YES_AGGRESSIVE;
				CLANG_CXX_LANGUAGE_STANDARD = "gnu++14";
				CLANG_CXX_LIBRARY = "libc++";
				CLANG_ENABLE_MODULES = YES;
				CLANG_ENABLE_OBJC_ARC = YES;
				CLANG_ENABLE_OBJC_WEAK = YES;
				CLANG_WARN_BLOCK_CAPTURE_AUTORELEASING = YES;
				CLANG_WARN_BOOL_CONVERSION = YES;
				CLANG_WARN_COMMA = YES;
				CLANG_WARN_CONSTANT_CONVERSION = YES;
				CLANG_WARN_DEPRECATED_OBJC_IMPLEMENTATIONS = YES;
				CLANG_WARN_DIRECT_OBJC_ISA_USAGE = YES_ERROR;
				CLANG_WARN_DOCUMENTATION_COMMENTS = YES;
				CLANG_WARN_EMPTY_BODY = YES;
				CLANG_WARN_ENUM_CONVERSION = YES;
				CLANG_WARN_INFINITE_RECURSION = YES;
				CLANG_WARN_INT_CONVERSION = YES;
				CLANG_WARN_NON_LITERAL_NULL_CONVERSION = YES;
				CLANG_WARN_OBJC_IMPLICIT_RETAIN_SELF = YES;
				CLANG_WARN_OBJC_LITERAL_CONVERSION = YES;
				CLANG_WARN_OBJC_ROOT_CLASS = YES_ERROR;
				CLANG_WARN_RANGE_LOOP_ANALYSIS = YES;
				CLANG_WARN_STRICT_PROTOTYPES = YES;
				CLANG_WARN_SUSPICIOUS_MOVE = YES;
				CLANG_WARN_UNGUARDED_AVAILABILITY = YES_AGGRESSIVE;
				CLANG_WARN_UNREACHABLE_CODE = YES;
				CLANG_WARN__DUPLICATE_METHOD_MATCH = YES;
				CODE_SIGN_IDENTITY = "iPhone Developer";
				COPY_PHASE_STRIP = NO;
				DEBUG_INFORMATION_FORMAT = dwarf;
				ENABLE_STRICT_OBJC_MSGSEND = YES;
				ENABLE_TESTABILITY = YES;
				GCC_C_LANGUAGE_STANDARD = gnu11;
				GCC_DYNAMIC_NO_PIC = NO;
				GCC_NO_COMMON_BLOCKS = YES;
				GCC_OPTIMIZATION_LEVEL = 0;
				GCC_PREPROCESSOR_DEFINITIONS = (
					"DEBUG=1",
					"$(inherited)",
				);
				GCC_WARN_64_TO_32_BIT_CONVERSION = YES;
				GCC_WARN_ABOUT_RETURN_TYPE = YES_ERROR;
				GCC_WARN_UNDECLARED_SELECTOR = YES;
				GCC_WARN_UNINITIALIZED_AUTOS = YES_AGGRESSIVE;
				GCC_WARN_UNUSED_FUNCTION = YES;
				GCC_WARN_UNUSED_VARIABLE = YES;
				IPHONEOS_DEPLOYMENT_TARGET = 12.1;
				MTL_ENABLE_DEBUG_INFO = INCLUDE_SOURCE;
				MTL_FAST_MATH = YES;
				ONLY_ACTIVE_ARCH = YES;
				SDKROOT = iphoneos;
				SWIFT_ACTIVE_COMPILATION_CONDITIONS = DEBUG;
				SWIFT_OPTIMIZATION_LEVEL = "-Onone";
			};
			name = Debug;
		};
		520813B722262E9900963065 /* Release */ = {
			isa = XCBuildConfiguration;
			buildSettings = {
				ALWAYS_SEARCH_USER_PATHS = NO;
				CLANG_ANALYZER_NONNULL = YES;
				CLANG_ANALYZER_NUMBER_OBJECT_CONVERSION = YES_AGGRESSIVE;
				CLANG_CXX_LANGUAGE_STANDARD = "gnu++14";
				CLANG_CXX_LIBRARY = "libc++";
				CLANG_ENABLE_MODULES = YES;
				CLANG_ENABLE_OBJC_ARC = YES;
				CLANG_ENABLE_OBJC_WEAK = YES;
				CLANG_WARN_BLOCK_CAPTURE_AUTORELEASING = YES;
				CLANG_WARN_BOOL_CONVERSION = YES;
				CLANG_WARN_COMMA = YES;
				CLANG_WARN_CONSTANT_CONVERSION = YES;
				CLANG_WARN_DEPRECATED_OBJC_IMPLEMENTATIONS = YES;
				CLANG_WARN_DIRECT_OBJC_ISA_USAGE = YES_ERROR;
				CLANG_WARN_DOCUMENTATION_COMMENTS = YES;
				CLANG_WARN_EMPTY_BODY = YES;
				CLANG_WARN_ENUM_CONVERSION = YES;
				CLANG_WARN_INFINITE_RECURSION = YES;
				CLANG_WARN_INT_CONVERSION = YES;
				CLANG_WARN_NON_LITERAL_NULL_CONVERSION = YES;
				CLANG_WARN_OBJC_IMPLICIT_RETAIN_SELF = YES;
				CLANG_WARN_OBJC_LITERAL_CONVERSION = YES;
				CLANG_WARN_OBJC_ROOT_CLASS = YES_ERROR;
				CLANG_WARN_RANGE_LOOP_ANALYSIS = YES;
				CLANG_WARN_STRICT_PROTOTYPES = YES;
				CLANG_WARN_SUSPICIOUS_MOVE = YES;
				CLANG_WARN_UNGUARDED_AVAILABILITY = YES_AGGRESSIVE;
				CLANG_WARN_UNREACHABLE_CODE = YES;
				CLANG_WARN__DUPLICATE_METHOD_MATCH = YES;
				CODE_SIGN_IDENTITY = "iPhone Developer";
				COPY_PHASE_STRIP = NO;
				DEBUG_INFORMATION_FORMAT = "dwarf-with-dsym";
				ENABLE_NS_ASSERTIONS = NO;
				ENABLE_STRICT_OBJC_MSGSEND = YES;
				GCC_C_LANGUAGE_STANDARD = gnu11;
				GCC_NO_COMMON_BLOCKS = YES;
				GCC_WARN_64_TO_32_BIT_CONVERSION = YES;
				GCC_WARN_ABOUT_RETURN_TYPE = YES_ERROR;
				GCC_WARN_UNDECLARED_SELECTOR = YES;
				GCC_WARN_UNINITIALIZED_AUTOS = YES_AGGRESSIVE;
				GCC_WARN_UNUSED_FUNCTION = YES;
				GCC_WARN_UNUSED_VARIABLE = YES;
				IPHONEOS_DEPLOYMENT_TARGET = 12.1;
				MTL_ENABLE_DEBUG_INFO = NO;
				MTL_FAST_MATH = YES;
				SDKROOT = iphoneos;
				SWIFT_COMPILATION_MODE = wholemodule;
				SWIFT_OPTIMIZATION_LEVEL = "-O";
				VALIDATE_PRODUCT = YES;
			};
			name = Release;
		};
		520813B922262E9900963065 /* Debug */ = {
			isa = XCBuildConfiguration;
			baseConfigurationReference = 746674344CD0B8FA6FA738F0 /* Pods-counter.debug.xcconfig */;
			buildSettings = {
				ASSETCATALOG_COMPILER_APPICON_NAME = AppIcon;
				CODE_SIGN_STYLE = Automatic;
				DEVELOPMENT_TEAM = 6B4H7MLAJH;
				INFOPLIST_FILE = counter/Info.plist;
				LD_RUNPATH_SEARCH_PATHS = (
					"$(inherited)",
					"@executable_path/Frameworks",
				);
				PRODUCT_BUNDLE_IDENTIFIER = pich.counter;
				PRODUCT_NAME = "$(TARGET_NAME)";
				SWIFT_VERSION = 4.2;
				TARGETED_DEVICE_FAMILY = "1,2";
			};
			name = Debug;
		};
		520813BA22262E9900963065 /* Release */ = {
			isa = XCBuildConfiguration;
			baseConfigurationReference = B944D2F636842742B6D33179 /* Pods-counter.release.xcconfig */;
			buildSettings = {
				ASSETCATALOG_COMPILER_APPICON_NAME = AppIcon;
				CODE_SIGN_STYLE = Automatic;
				DEVELOPMENT_TEAM = 6B4H7MLAJH;
				INFOPLIST_FILE = counter/Info.plist;
				LD_RUNPATH_SEARCH_PATHS = (
					"$(inherited)",
					"@executable_path/Frameworks",
				);
				PRODUCT_BUNDLE_IDENTIFIER = pich.counter;
				PRODUCT_NAME = "$(TARGET_NAME)";
				SWIFT_VERSION = 4.2;
				TARGETED_DEVICE_FAMILY = "1,2";
			};
			name = Release;
		};
/* End XCBuildConfiguration section */

/* Begin XCConfigurationList section */
		520813A122262E9600963065 /* Build configuration list for PBXProject "counter" */ = {
			isa = XCConfigurationList;
			buildConfigurations = (
				520813B622262E9900963065 /* Debug */,
				520813B722262E9900963065 /* Release */,
			);
			defaultConfigurationIsVisible = 0;
			defaultConfigurationName = Release;
		};
		520813B822262E9900963065 /* Build configuration list for PBXNativeTarget "counter" */ = {
			isa = XCConfigurationList;
			buildConfigurations = (
				520813B922262E9900963065 /* Debug */,
				520813BA22262E9900963065 /* Release */,
			);
			defaultConfigurationIsVisible = 0;
			defaultConfigurationName = Release;
		};
/* End XCConfigurationList section */
	};
	rootObject = 5208139E22262E9600963065 /* Project object */;
}
